
Microsoft Visual Studio Solution File, Format Version 12.00
# Visual Studio Version 17
VisualStudioVersion = 17.3.32922.545
MinimumVisualStudioVersion = 10.0.40219.1
Project("{2150E333-8FDC-42A3-9474-1A3956D46DE8}") = "Solution Items", "Solution Items", "{1DEC9296-9C35-4882-B185-EAD9432C6232}"
	ProjectSection(SolutionItems) = preProject
		README.md = README.md
	EndProjectSection
EndProject
Project("{9A19103F-16F7-4668-BE54-9A1E7A4F7556}") = "ClientApi", "src\ClientApi\ClientApi.csproj", "{84292184-15E3-435E-8A9D-B721A840AF83}"
EndProject
Project("{9A19103F-16F7-4668-BE54-9A1E7A4F7556}") = "Server1", "src\Server1\Server1.csproj", "{D8457BE6-0BC6-4B7C-B5E8-1E8DA9930C5A}"
EndProject
Project("{9A19103F-16F7-4668-BE54-9A1E7A4F7556}") = "SharedCode", "src\SharedCode\SharedCode.csproj", "{949F9B5A-4502-4C92-BD35-700BB3B24D6B}"
EndProject
Project("{FAE04EC0-301F-11D3-BF4B-00C04F79EFBC}") = "Server2", "src\Server2\Server2.csproj", "{22D06F31-A49D-4B04-BF68-3592720AFB72}"
EndProject
Global
	GlobalSection(SolutionConfigurationPlatforms) = preSolution
		Debug|Any CPU = Debug|Any CPU
		Release|Any CPU = Release|Any CPU
	EndGlobalSection
	GlobalSection(ProjectConfigurationPlatforms) = postSolution
		{84292184-15E3-435E-8A9D-B721A840AF83}.Debug|Any CPU.ActiveCfg = Debug|Any CPU
		{84292184-15E3-435E-8A9D-B721A840AF83}.Debug|Any CPU.Build.0 = Debug|Any CPU
		{84292184-15E3-435E-8A9D-B721A840AF83}.Release|Any CPU.ActiveCfg = Release|Any CPU
		{84292184-15E3-435E-8A9D-B721A840AF83}.Release|Any CPU.Build.0 = Release|Any CPU
		{D8457BE6-0BC6-4B7C-B5E8-1E8DA9930C5A}.Debug|Any CPU.ActiveCfg = Debug|Any CPU
		{D8457BE6-0BC6-4B7C-B5E8-1E8DA9930C5A}.Debug|Any CPU.Build.0 = Debug|Any CPU
		{D8457BE6-0BC6-4B7C-B5E8-1E8DA9930C5A}.Release|Any CPU.ActiveCfg = Release|Any CPU
		{D8457BE6-0BC6-4B7C-B5E8-1E8DA9930C5A}.Release|Any CPU.Build.0 = Release|Any CPU
		{949F9B5A-4502-4C92-BD35-700BB3B24D6B}.Debug|Any CPU.ActiveCfg = Debug|Any CPU
		{949F9B5A-4502-4C92-BD35-700BB3B24D6B}.Debug|Any CPU.Build.0 = Debug|Any CPU
		{949F9B5A-4502-4C92-BD35-700BB3B24D6B}.Release|Any CPU.ActiveCfg = Release|Any CPU
		{949F9B5A-4502-4C92-BD35-700BB3B24D6B}.Release|Any CPU.Build.0 = Release|Any CPU
		{22D06F31-A49D-4B04-BF68-3592720AFB72}.Debug|Any CPU.ActiveCfg = Debug|Any CPU
		{22D06F31-A49D-4B04-BF68-3592720AFB72}.Debug|Any CPU.Build.0 = Debug|Any CPU
		{22D06F31-A49D-4B04-BF68-3592720AFB72}.Release|Any CPU.ActiveCfg = Release|Any CPU
		{22D06F31-A49D-4B04-BF68-3592720AFB72}.Release|Any CPU.Build.0 = Release|Any CPU
	EndGlobalSection
	GlobalSection(SolutionProperties) = preSolution
		HideSolutionNode = FALSE
	EndGlobalSection
	GlobalSection(ExtensibilityGlobals) = postSolution
		SolutionGuid = {5E09F6EE-B209-421D-9300-D0C90836B090}
	EndGlobalSection
EndGlobal
